
Microsoft Visual Studio Solution File, Format Version 12.00
# Visual Studio Version 16
VisualStudioVersion = 16.0.32413.511
MinimumVisualStudioVersion = 10.0.40219.1
Project("{FAE04EC0-301F-11D3-BF4B-00C04F79EFBC}") = "SmartBooks", "SmartBooks.csproj", "{8E514919-3FD6-418D-8BBA-9715C52EEC49}"
EndProject
Global
	GlobalSection(SolutionConfigurationPlatforms) = preSolution
		Debug|Any CPU = Debug|Any CPU
		Release|Any CPU = Release|Any CPU
	EndGlobalSection
	GlobalSection(ProjectConfigurationPlatforms) = postSolution
		{8E514919-3FD6-418D-8BBA-9715C52EEC49}.Debug|Any CPU.ActiveCfg = Debug|Any CPU
		{8E514919-3FD6-418D-8BBA-9715C52EEC49}.Debug|Any CPU.Build.0 = Debug|Any CPU
		{8E514919-3FD6-418D-8BBA-9715C52EEC49}.Release|Any CPU.ActiveCfg = Release|Any CPU
		{8E514919-3FD6-418D-8BBA-9715C52EEC49}.Release|Any CPU.Build.0 = Release|Any CPU
	EndGlobalSection
	GlobalSection(SolutionProperties) = preSolution
		HideSolutionNode = FALSE
	EndGlobalSection
	GlobalSection(ExtensibilityGlobals) = postSolution
		SolutionGuid = {EB5FC07F-1389-4464-AFCA-C8552F61C9E6}
	EndGlobalSection
EndGlobal
